
Microsoft Visual Studio Solution File, Format Version 12.00
# Visual Studio 14
VisualStudioVersion = 14.0.24720.0
MinimumVisualStudioVersion = 10.0.40219.1
Project("{FAE04EC0-301F-11D3-BF4B-00C04F79EFBC}") = "MiEstacionamiento", "MiEstacionamiento\MiEstacionamiento.csproj", "{22605368-7FD5-424F-BE2C-9C2121DAE2D7}"
EndProject
Project("{FAE04EC0-301F-11D3-BF4B-00C04F79EFBC}") = "Negocio", "Negocio\Negocio.csproj", "{97846180-A6DB-4842-8B7B-1EBDBAF48031}"
EndProject
Global
	GlobalSection(SolutionConfigurationPlatforms) = preSolution
		CD_ROM|Any CPU = CD_ROM|Any CPU
		Debug|Any CPU = Debug|Any CPU
		DVD-5|Any CPU = DVD-5|Any CPU
		Release|Any CPU = Release|Any CPU
		SingleImage|Any CPU = SingleImage|Any CPU
	EndGlobalSection
	GlobalSection(ProjectConfigurationPlatforms) = postSolution
		{22605368-7FD5-424F-BE2C-9C2121DAE2D7}.CD_ROM|Any CPU.ActiveCfg = Release|Any CPU
		{22605368-7FD5-424F-BE2C-9C2121DAE2D7}.CD_ROM|Any CPU.Build.0 = Release|Any CPU
		{22605368-7FD5-424F-BE2C-9C2121DAE2D7}.Debug|Any CPU.ActiveCfg = Debug|Any CPU
		{22605368-7FD5-424F-BE2C-9C2121DAE2D7}.Debug|Any CPU.Build.0 = Debug|Any CPU
		{22605368-7FD5-424F-BE2C-9C2121DAE2D7}.DVD-5|Any CPU.ActiveCfg = Debug|Any CPU
		{22605368-7FD5-424F-BE2C-9C2121DAE2D7}.DVD-5|Any CPU.Build.0 = Debug|Any CPU
		{22605368-7FD5-424F-BE2C-9C2121DAE2D7}.Release|Any CPU.ActiveCfg = Release|Any CPU
		{22605368-7FD5-424F-BE2C-9C2121DAE2D7}.Release|Any CPU.Build.0 = Release|Any CPU
		{22605368-7FD5-424F-BE2C-9C2121DAE2D7}.SingleImage|Any CPU.ActiveCfg = Release|Any CPU
		{22605368-7FD5-424F-BE2C-9C2121DAE2D7}.SingleImage|Any CPU.Build.0 = Release|Any CPU
		{97846180-A6DB-4842-8B7B-1EBDBAF48031}.CD_ROM|Any CPU.ActiveCfg = Release|Any CPU
		{97846180-A6DB-4842-8B7B-1EBDBAF48031}.CD_ROM|Any CPU.Build.0 = Release|Any CPU
		{97846180-A6DB-4842-8B7B-1EBDBAF48031}.Debug|Any CPU.ActiveCfg = Debug|Any CPU
		{97846180-A6DB-4842-8B7B-1EBDBAF48031}.Debug|Any CPU.Build.0 = Debug|Any CPU
		{97846180-A6DB-4842-8B7B-1EBDBAF48031}.DVD-5|Any CPU.ActiveCfg = Debug|Any CPU
		{97846180-A6DB-4842-8B7B-1EBDBAF48031}.DVD-5|Any CPU.Build.0 = Debug|Any CPU
		{97846180-A6DB-4842-8B7B-1EBDBAF48031}.Release|Any CPU.ActiveCfg = Release|Any CPU
		{97846180-A6DB-4842-8B7B-1EBDBAF48031}.Release|Any CPU.Build.0 = Release|Any CPU
		{97846180-A6DB-4842-8B7B-1EBDBAF48031}.SingleImage|Any CPU.ActiveCfg = Release|Any CPU
		{97846180-A6DB-4842-8B7B-1EBDBAF48031}.SingleImage|Any CPU.Build.0 = Release|Any CPU
	EndGlobalSection
	GlobalSection(SolutionProperties) = preSolution
		HideSolutionNode = FALSE
	EndGlobalSection
EndGlobal
